---
version: 1
pinned_version: v0.0.0+catalog.3536de06c71a
digest: sha256:637780bf94bf362667e2c2c29b5a980addef943f900c71ca729aba6b14e868a8
profiles:
  - id: native-gpu-systems
    version: v0.0.0+catalog.3536de06c71a
    digest:
      sha256:9daa1ec1dc2da097e8a11553cc58448102091d018f034e30de891e40277d4e54
facets:
  - id: security:high
    version: v0.0.0+catalog.3536de06c71a
    digest:
      sha256:9bd59f0725d472b1516ba74556feada0e3868f4642bc08dd2d67a2cc26e87778
  - id: api:public-contract
    version: v0.0.0+catalog.3536de06c71a
    digest:
      sha256:5ddb1a0912620e0cd8c6cf6185fd5d4cdf01fe042d10caa043356560fe10824b
  - id: docs:seo-portal
    version: v0.0.0+catalog.3536de06c71a
    digest:
      sha256:145722c161ed8e436369d573c2b736fe7f579b8a1e33a85119e3b10268563428
  - id: agent:sandboxed
    version: v0.0.0+catalog.3536de06c71a
    digest:
      sha256:bc87486dea71e54d20549d6054dcf290d3d700e37b304cbdb6d6c1a2def895f2
