# This file is automatically @generated by Cargo.
# It is not intended for manual editing.
version = 4

[[package]]
name = "vmafx-core-rs"
version = "0.1.0"
dependencies = [
 "vmafx-fex",
 "vmafx-fex-adm",
 "vmafx-fex-cambi",
 "vmafx-fex-motion",
 "vmafx-fex-psnr",
 "vmafx-fex-speed",
 "vmafx-predict",
 "vmafx-tad",
]

[[package]]
name = "vmafx-fex"
version = "0.1.0"

[[package]]
name = "vmafx-fex-adm"
version = "0.1.0"
dependencies = [
 "vmafx-fex",
]

[[package]]
name = "vmafx-fex-cambi"
version = "0.1.0"
dependencies = [
 "vmafx-fex",
]

[[package]]
name = "vmafx-fex-motion"
version = "0.1.0"
dependencies = [
 "vmafx-fex",
]

[[package]]
name = "vmafx-fex-psnr"
version = "0.1.0"
dependencies = [
 "vmafx-fex",
]

[[package]]
name = "vmafx-fex-speed"
version = "0.1.0"
dependencies = [
 "vmafx-fex",
]

[[package]]
name = "vmafx-predict"
version = "0.1.0"
dependencies = [
 "vmafx-fex",
]

[[package]]
name = "vmafx-tad"
version = "0.1.0"
